
Microsoft Visual Studio Solution File, Format Version 12.00
# Visual Studio Version 17
VisualStudioVersion = 17.0.32002.185
MinimumVisualStudioVersion = 10.0.40219.1
Project("{9A19103F-16F7-4668-BE54-9A1E7A4F7556}") = "Warehouse", "Warehouse\Warehouse.csproj", "{E2CFACA5-83B0-49AD-BF96-884315FF1823}"
EndProject
Project("{9A19103F-16F7-4668-BE54-9A1E7A4F7556}") = "WarehouseTests", "WarehouseTests\WarehouseTests.csproj", "{DEC6E41B-1C56-41F9-B7F9-645C2C5752FE}"
EndProject
Project("{2150E333-8FDC-42A3-9474-1A3956D46DE8}") = "Submodules", "Submodules", "{A004C260-BEEF-4618-B045-C5B0AA947B55}"
EndProject
Project("{9A19103F-16F7-4668-BE54-9A1E7A4F7556}") = "LogTool", "Submodules\Bygdrift.Tools.LogTool\LogTool\LogTool.csproj", "{2CC730F4-2475-4F88-A05C-BE88CAAB12AC}"
EndProject
Project("{9A19103F-16F7-4668-BE54-9A1E7A4F7556}") = "CsvTool", "Submodules\Bygdrift.Tools.CsvTool\CsvTool\CsvTool.csproj", "{AA66DA3B-8DD0-4962-B99C-6C20CDA3BE8B}"
EndProject
Project("{9A19103F-16F7-4668-BE54-9A1E7A4F7556}") = "MssqlTool", "Submodules\Bygdrift.Tools.MssqlTool\MssqlTool\MssqlTool.csproj", "{8F69EA51-249E-4BA0-B2A3-16C112906BFC}"
EndProject
Global
	GlobalSection(SolutionConfigurationPlatforms) = preSolution
		Debug|Any CPU = Debug|Any CPU
		Release|Any CPU = Release|Any CPU
	EndGlobalSection
	GlobalSection(ProjectConfigurationPlatforms) = postSolution
		{E2CFACA5-83B0-49AD-BF96-884315FF1823}.Debug|Any CPU.ActiveCfg = Debug|Any CPU
		{E2CFACA5-83B0-49AD-BF96-884315FF1823}.Debug|Any CPU.Build.0 = Debug|Any CPU
		{E2CFACA5-83B0-49AD-BF96-884315FF1823}.Release|Any CPU.ActiveCfg = Release|Any CPU
		{E2CFACA5-83B0-49AD-BF96-884315FF1823}.Release|Any CPU.Build.0 = Release|Any CPU
		{DEC6E41B-1C56-41F9-B7F9-645C2C5752FE}.Debug|Any CPU.ActiveCfg = Debug|Any CPU
		{DEC6E41B-1C56-41F9-B7F9-645C2C5752FE}.Debug|Any CPU.Build.0 = Debug|Any CPU
		{DEC6E41B-1C56-41F9-B7F9-645C2C5752FE}.Release|Any CPU.ActiveCfg = Release|Any CPU
		{DEC6E41B-1C56-41F9-B7F9-645C2C5752FE}.Release|Any CPU.Build.0 = Release|Any CPU
		{2CC730F4-2475-4F88-A05C-BE88CAAB12AC}.Debug|Any CPU.ActiveCfg = Debug|Any CPU
		{2CC730F4-2475-4F88-A05C-BE88CAAB12AC}.Debug|Any CPU.Build.0 = Debug|Any CPU
		{2CC730F4-2475-4F88-A05C-BE88CAAB12AC}.Release|Any CPU.ActiveCfg = Release|Any CPU
		{2CC730F4-2475-4F88-A05C-BE88CAAB12AC}.Release|Any CPU.Build.0 = Release|Any CPU
		{AA66DA3B-8DD0-4962-B99C-6C20CDA3BE8B}.Debug|Any CPU.ActiveCfg = Debug|Any CPU
		{AA66DA3B-8DD0-4962-B99C-6C20CDA3BE8B}.Debug|Any CPU.Build.0 = Debug|Any CPU
		{AA66DA3B-8DD0-4962-B99C-6C20CDA3BE8B}.Release|Any CPU.ActiveCfg = Release|Any CPU
		{AA66DA3B-8DD0-4962-B99C-6C20CDA3BE8B}.Release|Any CPU.Build.0 = Release|Any CPU
		{8F69EA51-249E-4BA0-B2A3-16C112906BFC}.Debug|Any CPU.ActiveCfg = Debug|Any CPU
		{8F69EA51-249E-4BA0-B2A3-16C112906BFC}.Debug|Any CPU.Build.0 = Debug|Any CPU
		{8F69EA51-249E-4BA0-B2A3-16C112906BFC}.Release|Any CPU.ActiveCfg = Release|Any CPU
		{8F69EA51-249E-4BA0-B2A3-16C112906BFC}.Release|Any CPU.Build.0 = Release|Any CPU
	EndGlobalSection
	GlobalSection(SolutionProperties) = preSolution
		HideSolutionNode = FALSE
	EndGlobalSection
	GlobalSection(NestedProjects) = preSolution
		{2CC730F4-2475-4F88-A05C-BE88CAAB12AC} = {A004C260-BEEF-4618-B045-C5B0AA947B55}
		{AA66DA3B-8DD0-4962-B99C-6C20CDA3BE8B} = {A004C260-BEEF-4618-B045-C5B0AA947B55}
		{8F69EA51-249E-4BA0-B2A3-16C112906BFC} = {A004C260-BEEF-4618-B045-C5B0AA947B55}
	EndGlobalSection
	GlobalSection(ExtensibilityGlobals) = postSolution
		SolutionGuid = {23482D47-3B23-4797-B387-6D7E31F688C7}
	EndGlobalSection
EndGlobal
